// !$*UTF8*$!
{
	archiveVersion = 1;
	classes = {
	};
	objectVersion = 50;
	objects = {

/* Begin PBXBuildFile section */
		09E9B8CF258C5B0800736911 /* AppDelegate.swift in Sources */ = {isa = PBXBuildFile; fileRef = 09E9B8CE258C5B0800736911 /* AppDelegate.swift */; };
		09E9B8D1258C5B0800736911 /* SceneDelegate.swift in Sources */ = {isa = PBXBuildFile; fileRef = 09E9B8D0258C5B0800736911 /* SceneDelegate.swift */; };
		09E9B8D3258C5B0800736911 /* ContentView.swift in Sources */ = {isa = PBXBuildFile; fileRef = 09E9B8D2258C5B0800736911 /* ContentView.swift */; };
		09E9B8D5258C5B0B00736911 /* Assets.xcassets in Resources */ = {isa = PBXBuildFile; fileRef = 09E9B8D4258C5B0B00736911 /* Assets.xcassets */; };
		09E9B8D8258C5B0B00736911 /* Preview Assets.xcassets in Resources */ = {isa = PBXBuildFile; fileRef = 09E9B8D7258C5B0B00736911 /* Preview Assets.xcassets */; };
		09E9B8DB258C5B0B00736911 /* LaunchScreen.storyboard in Resources */ = {isa = PBXBuildFile; fileRef = 09E9B8D9258C5B0B00736911 /* LaunchScreen.storyboard */; };
/* End PBXBuildFile section */

/* Begin PBXContainerItemProxy section */
		09E9B8E2258C5B0B00736911 /* PBXContainerItemProxy */ = {
			isa = PBXContainerItemProxy;
			containerPortal = 09E9B8C3258C5B0800736911 /* Project object */;
			proxyType = 1;
			remoteGlobalIDString = 09E9B8CA258C5B0800736911;
			remoteInfo = Pomnu;
		};
		09E9B8ED258C5B0B00736911 /* PBXContainerItemProxy */ = {
			isa = PBXContainerItemProxy;
			containerPortal = 09E9B8C3258C5B0800736911 /* Project object */;
			proxyType = 1;
			remoteGlobalIDString = 09E9B8CA258C5B0800736911;
			remoteInfo = Pomnu;
		};
/* End PBXContainerItemProxy section */

/* Begin PBXFileReference section */
		09E9B8CB258C5B0800736911 /* Pomnu.app */ = {isa = PBXFileReference; explicitFileType = wrapper.application; includeInIndex = 0; path = Pomnu.app; sourceTree = BUILT_PRODUCTS_DIR; };
		09E9B8CE258C5B0800736911 /* AppDelegate.swift */ = {isa = PBXFileReference; lastKnownFileType = sourcecode.swift; path = AppDelegate.swift; sourceTree = "<group>"; };
		09E9B8D0258C5B0800736911 /* SceneDelegate.swift */ = {isa = PBXFileReference; lastKnownFileType = sourcecode.swift; path = SceneDelegate.swift; sourceTree = "<group>"; };
		09E9B8D2258C5B0800736911 /* ContentView.swift */ = {isa = PBXFileReference; lastKnownFileType = sourcecode.swift; path = ContentView.swift; sourceTree = "<group>"; };
		09E9B8D4258C5B0B00736911 /* Assets.xcassets */ = {isa = PBXFileReference; lastKnownFileType = folder.assetcatalog; path = Assets.xcassets; sourceTree = "<group>"; };
		09E9B8D7258C5B0B00736911 /* Preview Assets.xcassets */ = {isa = PBXFileReference; lastKnownFileType = folder.assetcatalog; path = "Preview Assets.xcassets"; sourceTree = "<group>"; };
		09E9B8DA258C5B0B00736911 /* Base */ = {isa = PBXFileReference; lastKnownFileType = file.storyboard; name = Base; path = Base.lproj/LaunchScreen.storyboard; sourceTree = "<group>"; };
		09E9B8DC258C5B0B00736911 /* Info.plist */ = {isa = PBXFileReference; lastKnownFileType = text.plist.xml; path = Info.plist; sourceTree = "<group>"; };
		09E9B8E1258C5B0B00736911 /* PomnuTests.xctest */ = {isa = PBXFileReference; explicitFileType = wrapper.cfbundle; includeInIndex = 0; path = PomnuTests.xctest; sourceTree = BUILT_PRODUCTS_DIR; };
		09E9B8EC258C5B0B00736911 /* PomnuUITests.xctest */ = {isa = PBXFileReference; explicitFileType = wrapper.cfbundle; includeInIndex = 0; path = PomnuUITests.xctest; sourceTree = BUILT_PRODUCTS_DIR; };
		09E9B8FE258C769B00736911 /* Pomnu.entitlements */ = {isa = PBXFileReference; lastKnownFileType = text.plist.entitlements; path = Pomnu.entitlements; sourceTree = "<group>"; };
/* End PBXFileReference section */

/* Begin PBXFrameworksBuildPhase section */
		09E9B8C8258C5B0800736911 /* Frameworks */ = {
			isa = PBXFrameworksBuildPhase;
			buildActionMask = 2147483647;
			files = (
			);
			runOnlyForDeploymentPostprocessing = 0;
		};
		09E9B8DE258C5B0B00736911 /* Frameworks */ = {
			isa = PBXFrameworksBuildPhase;
			buildActionMask = 2147483647;
			files = (
			);
			runOnlyForDeploymentPostprocessing = 0;
		};
		09E9B8E9258C5B0B00736911 /* Frameworks */ = {
			isa = PBXFrameworksBuildPhase;
			buildActionMask = 2147483647;
			files = (
			);
			runOnlyForDeploymentPostprocessing = 0;
		};
/* End PBXFrameworksBuildPhase section */

/* Begin PBXGroup section */
		09E9B8C2258C5B0800736911 = {
			isa = PBXGroup;
			children = (
				09E9B8CD258C5B0800736911 /* Pomnu */,
				09E9B8CC258C5B0800736911 /* Products */,
			);
			sourceTree = "<group>";
		};
		09E9B8CC258C5B0800736911 /* Products */ = {
			isa = PBXGroup;
			children = (
				09E9B8CB258C5B0800736911 /* Pomnu.app */,
				09E9B8E1258C5B0B00736911 /* PomnuTests.xctest */,
				09E9B8EC258C5B0B00736911 /* PomnuUITests.xctest */,
			);
			name = Products;
			sourceTree = "<group>";
		};
		09E9B8CD258C5B0800736911 /* Pomnu */ = {
			isa = PBXGroup;
			children = (
				09E9B8FE258C769B00736911 /* Pomnu.entitlements */,
				09E9B8CE258C5B0800736911 /* AppDelegate.swift */,
				09E9B8D0258C5B0800736911 /* SceneDelegate.swift */,
				09E9B8D2258C5B0800736911 /* ContentView.swift */,
				09E9B8D4258C5B0B00736911 /* Assets.xcassets */,
				09E9B8D9258C5B0B00736911 /* LaunchScreen.storyboard */,
				09E9B8DC258C5B0B00736911 /* Info.plist */,
				09E9B8D6258C5B0B00736911 /* Preview Content */,
			);
			path = Pomnu;
			sourceTree = "<group>";
		};
		09E9B8D6258C5B0B00736911 /* Preview Content */ = {
			isa = PBXGroup;
			children = (
				09E9B8D7258C5B0B00736911 /* Preview Assets.xcassets */,
			);
			path = "Preview Content";
			sourceTree = "<group>";
		};
/* End PBXGroup section */

/* Begin PBXNativeTarget section */
		09E9B8CA258C5B0800736911 /* Pomnu */ = {
			isa = PBXNativeTarget;
			buildConfigurationList = 09E9B8F5258C5B0B00736911 /* Build configuration list for PBXNativeTarget "Pomnu" */;
			buildPhases = (
				09E9B8C7258C5B0800736911 /* Sources */,
				09E9B8C8258C5B0800736911 /* Frameworks */,
				09E9B8C9258C5B0800736911 /* Resources */,
			);
			buildRules = (
			);
			dependencies = (
			);
			name = Pomnu;
			productName = Pomnu;
			productReference = 09E9B8CB258C5B0800736911 /* Pomnu.app */;
			productType = "com.apple.product-type.application";
		};
		09E9B8E0258C5B0B00736911 /* PomnuTests */ = {
			isa = PBXNativeTarget;
			buildConfigurationList = 09E9B8F8258C5B0B00736911 /* Build configuration list for PBXNativeTarget "PomnuTests" */;
			buildPhases = (
				09E9B8DD258C5B0B00736911 /* Sources */,
				09E9B8DE258C5B0B00736911 /* Frameworks */,
				09E9B8DF258C5B0B00736911 /* Resources */,
			);
			buildRules = (
			);
			dependencies = (
				09E9B8E3258C5B0B00736911 /* PBXTargetDependency */,
			);
			name = PomnuTests;
			productName = PomnuTests;
			productReference = 09E9B8E1258C5B0B00736911 /* PomnuTests.xctest */;
			productType = "com.apple.product-type.bundle.unit-test";
		};
		09E9B8EB258C5B0B00736911 /* PomnuUITests */ = {
			isa = PBXNativeTarget;
			buildConfigurationList = 09E9B8FB258C5B0B00736911 /* Build configuration list for PBXNativeTarget "PomnuUITests" */;
			buildPhases = (
				09E9B8E8258C5B0B00736911 /* Sources */,
				09E9B8E9258C5B0B00736911 /* Frameworks */,
				09E9B8EA258C5B0B00736911 /* Resources */,
			);
			buildRules = (
			);
			dependencies = (
				09E9B8EE258C5B0B00736911 /* PBXTargetDependency */,
			);
			name = PomnuUITests;
			productName = PomnuUITests;
			productReference = 09E9B8EC258C5B0B00736911 /* PomnuUITests.xctest */;
			productType = "com.apple.product-type.bundle.ui-testing";
		};
/* End PBXNativeTarget section */

/* Begin PBXProject section */
		09E9B8C3258C5B0800736911 /* Project object */ = {
			isa = PBXProject;
			attributes = {
				LastSwiftUpdateCheck = 1170;
				LastUpgradeCheck = 1170;
				ORGANIZATIONNAME = "Ilya Veksler";
				TargetAttributes = {
					09E9B8CA258C5B0800736911 = {
						CreatedOnToolsVersion = 11.7;
					};
					09E9B8E0258C5B0B00736911 = {
						CreatedOnToolsVersion = 11.7;
						TestTargetID = 09E9B8CA258C5B0800736911;
					};
					09E9B8EB258C5B0B00736911 = {
						CreatedOnToolsVersion = 11.7;
						TestTargetID = 09E9B8CA258C5B0800736911;
					};
				};
			};
			buildConfigurationList = 09E9B8C6258C5B0800736911 /* Build configuration list for PBXProject "Pomnu" */;
			compatibilityVersion = "Xcode 9.3";
			developmentRegion = en;
			hasScannedForEncodings = 0;
			knownRegions = (
				en,
				Base,
			);
			mainGroup = 09E9B8C2258C5B0800736911;
			productRefGroup = 09E9B8CC258C5B0800736911 /* Products */;
			projectDirPath = "";
			projectRoot = "";
			targets = (
				09E9B8CA258C5B0800736911 /* Pomnu */,
				09E9B8E0258C5B0B00736911 /* PomnuTests */,
				09E9B8EB258C5B0B00736911 /* PomnuUITests */,
			);
		};
/* End PBXProject section */

/* Begin PBXResourcesBuildPhase section */
		09E9B8C9258C5B0800736911 /* Resources */ = {
			isa = PBXResourcesBuildPhase;
			buildActionMask = 2147483647;
			files = (
				09E9B8DB258C5B0B00736911 /* LaunchScreen.storyboard in Resources */,
				09E9B8D8258C5B0B00736911 /* Preview Assets.xcassets in Resources */,
				09E9B8D5258C5B0B00736911 /* Assets.xcassets in Resources */,
			);
			runOnlyForDeploymentPostprocessing = 0;
		};
		09E9B8DF258C5B0B00736911 /* Resources */ = {
			isa = PBXResourcesBuildPhase;
			buildActionMask = 2147483647;
			files = (
			);
			runOnlyForDeploymentPostprocessing = 0;
		};
		09E9B8EA258C5B0B00736911 /* Resources */ = {
			isa = PBXResourcesBuildPhase;
			buildActionMask = 2147483647;
			files = (
			);
			runOnlyForDeploymentPostprocessing = 0;
		};
/* End PBXResourcesBuildPhase section */

/* Begin PBXSourcesBuildPhase section */
		09E9B8C7258C5B0800736911 /* Sources */ = {
			isa = PBXSourcesBuildPhase;
			buildActionMask = 2147483647;
			files = (
				09E9B8CF258C5B0800736911 /* AppDelegate.swift in Sources */,
				09E9B8D1258C5B0800736911 /* SceneDelegate.swift in Sources */,
				09E9B8D3258C5B0800736911 /* ContentView.swift in Sources */,
			);
			runOnlyForDeploymentPostprocessing = 0;
		};
		09E9B8DD258C5B0B00736911 /* Sources */ = {
			isa = PBXSourcesBuildPhase;
			buildActionMask = 2147483647;
			files = (
			);
			runOnlyForDeploymentPostprocessing = 0;
		};
		09E9B8E8258C5B0B00736911 /* Sources */ = {
			isa = PBXSourcesBuildPhase;
			buildActionMask = 2147483647;
			files = (
			);
			runOnlyForDeploymentPostprocessing = 0;
		};
/* End PBXSourcesBuildPhase section */

/* Begin PBXTargetDependency section */
		09E9B8E3258C5B0B00736911 /* PBXTargetDependency */ = {
			isa = PBXTargetDependency;
			target = 09E9B8CA258C5B0800736911 /* Pomnu */;
			targetProxy = 09E9B8E2258C5B0B00736911 /* PBXContainerItemProxy */;
		};
		09E9B8EE258C5B0B00736911 /* PBXTargetDependency */ = {
			isa = PBXTargetDependency;
			target = 09E9B8CA258C5B0800736911 /* Pomnu */;
			targetProxy = 09E9B8ED258C5B0B00736911 /* PBXContainerItemProxy */;
		};
/* End PBXTargetDependency section */

/* Begin PBXVariantGroup section */
		09E9B8D9258C5B0B00736911 /* LaunchScreen.storyboard */ = {
			isa = PBXVariantGroup;
			children = (
				09E9B8DA258C5B0B00736911 /* Base */,
			);
			name = LaunchScreen.storyboard;
			sourceTree = "<group>";
		};
/* End PBXVariantGroup section */

/* Begin XCBuildConfiguration section */
		09E9B8F3258C5B0B00736911 /* Debug */ = {
			isa = XCBuildConfiguration;
			buildSettings = {
				ALWAYS_SEARCH_USER_PATHS = NO;
				CLANG_ANALYZER_NONNULL = YES;
				CLANG_ANALYZER_NUMBER_OBJECT_CONVERSION = YES_AGGRESSIVE;
				CLANG_CXX_LANGUAGE_STANDARD = "gnu++14";
				CLANG_CXX_LIBRARY = "libc++";
				CLANG_ENABLE_MODULES = YES;
				CLANG_ENABLE_OBJC_ARC = YES;
				CLANG_ENABLE_OBJC_WEAK = YES;
				CLANG_WARN_BLOCK_CAPTURE_AUTORELEASING = YES;
				CLANG_WARN_BOOL_CONVERSION = YES;
				CLANG_WARN_COMMA = YES;
				CLANG_WARN_CONSTANT_CONVERSION = YES;
				CLANG_WARN_DEPRECATED_OBJC_IMPLEMENTATIONS = YES;
				CLANG_WARN_DIRECT_OBJC_ISA_USAGE = YES_ERROR;
				CLANG_WARN_DOCUMENTATION_COMMENTS = YES;
				CLANG_WARN_EMPTY_BODY = YES;
				CLANG_WARN_ENUM_CONVERSION = YES;
				CLANG_WARN_INFINITE_RECURSION = YES;
				CLANG_WARN_INT_CONVERSION = YES;
				CLANG_WARN_NON_LITERAL_NULL_CONVERSION = YES;
				CLANG_WARN_OBJC_IMPLICIT_RETAIN_SELF = YES;
				CLANG_WARN_OBJC_LITERAL_CONVERSION = YES;
				CLANG_WARN_OBJC_ROOT_CLASS = YES_ERROR;
				CLANG_WARN_RANGE_LOOP_ANALYSIS = YES;
				CLANG_WARN_STRICT_PROTOTYPES = YES;
				CLANG_WARN_SUSPICIOUS_MOVE = YES;
				CLANG_WARN_UNGUARDED_AVAILABILITY = YES_AGGRESSIVE;
				CLANG_WARN_UNREACHABLE_CODE = YES;
				CLANG_WARN__DUPLICATE_METHOD_MATCH = YES;
				COPY_PHASE_STRIP = NO;
				DEBUG_INFORMATION_FORMAT = dwarf;
				ENABLE_STRICT_OBJC_MSGSEND = YES;
				ENABLE_TESTABILITY = YES;
				GCC_C_LANGUAGE_STANDARD = gnu11;
				GCC_DYNAMIC_NO_PIC = NO;
				GCC_NO_COMMON_BLOCKS = YES;
				GCC_OPTIMIZATION_LEVEL = 0;
				GCC_PREPROCESSOR_DEFINITIONS = (
					"DEBUG=1",
					"$(inherited)",
				);
				GCC_WARN_64_TO_32_BIT_CONVERSION = YES;
				GCC_WARN_ABOUT_RETURN_TYPE = YES_ERROR;
				GCC_WARN_UNDECLARED_SELECTOR = YES;
				GCC_WARN_UNINITIALIZED_AUTOS = YES_AGGRESSIVE;
				GCC_WARN_UNUSED_FUNCTION = YES;
				GCC_WARN_UNUSED_VARIABLE = YES;
				IPHONEOS_DEPLOYMENT_TARGET = 13.7;
				MTL_ENABLE_DEBUG_INFO = INCLUDE_SOURCE;
				MTL_FAST_MATH = YES;
				ONLY_ACTIVE_ARCH = YES;
				SDKROOT = iphoneos;
				SWIFT_ACTIVE_COMPILATION_CONDITIONS = DEBUG;
				SWIFT_OPTIMIZATION_LEVEL = "-Onone";
			};
			name = Debug;
		};
		09E9B8F4258C5B0B00736911 /* Release */ = {
			isa = XCBuildConfiguration;
			buildSettings = {
				ALWAYS_SEARCH_USER_PATHS = NO;
				CLANG_ANALYZER_NONNULL = YES;
				CLANG_ANALYZER_NUMBER_OBJECT_CONVERSION = YES_AGGRESSIVE;
				CLANG_CXX_LANGUAGE_STANDARD = "gnu++14";
				CLANG_CXX_LIBRARY = "libc++";
				CLANG_ENABLE_MODULES = YES;
				CLANG_ENABLE_OBJC_ARC = YES;
				CLANG_ENABLE_OBJC_WEAK = YES;
				CLANG_WARN_BLOCK_CAPTURE_AUTORELEASING = YES;
				CLANG_WARN_BOOL_CONVERSION = YES;
				CLANG_WARN_COMMA = YES;
				CLANG_WARN_CONSTANT_CONVERSION = YES;
				CLANG_WARN_DEPRECATED_OBJC_IMPLEMENTATIONS = YES;
				CLANG_WARN_DIRECT_OBJC_ISA_USAGE = YES_ERROR;
				CLANG_WARN_DOCUMENTATION_COMMENTS = YES;
				CLANG_WARN_EMPTY_BODY = YES;
				CLANG_WARN_ENUM_CONVERSION = YES;
				CLANG_WARN_INFINITE_RECURSION = YES;
				CLANG_WARN_INT_CONVERSION = YES;
				CLANG_WARN_NON_LITERAL_NULL_CONVERSION = YES;
				CLANG_WARN_OBJC_IMPLICIT_RETAIN_SELF = YES;
				CLANG_WARN_OBJC_LITERAL_CONVERSION = YES;
				CLANG_WARN_OBJC_ROOT_CLASS = YES_ERROR;
				CLANG_WARN_RANGE_LOOP_ANALYSIS = YES;
				CLANG_WARN_STRICT_PROTOTYPES = YES;
				CLANG_WARN_SUSPICIOUS_MOVE = YES;
				CLANG_WARN_UNGUARDED_AVAILABILITY = YES_AGGRESSIVE;
				CLANG_WARN_UNREACHABLE_CODE = YES;
				CLANG_WARN__DUPLICATE_METHOD_MATCH = YES;
				COPY_PHASE_STRIP = NO;
				DEBUG_INFORMATION_FORMAT = "dwarf-with-dsym";
				ENABLE_NS_ASSERTIONS = NO;
				ENABLE_STRICT_OBJC_MSGSEND = YES;
				GCC_C_LANGUAGE_STANDARD = gnu11;
				GCC_NO_COMMON_BLOCKS = YES;
				GCC_WARN_64_TO_32_BIT_CONVERSION = YES;
				GCC_WARN_ABOUT_RETURN_TYPE = YES_ERROR;
				GCC_WARN_UNDECLARED_SELECTOR = YES;
				GCC_WARN_UNINITIALIZED_AUTOS = YES_AGGRESSIVE;
				GCC_WARN_UNUSED_FUNCTION = YES;
				GCC_WARN_UNUSED_VARIABLE = YES;
				IPHONEOS_DEPLOYMENT_TARGET = 13.7;
				MTL_ENABLE_DEBUG_INFO = NO;
				MTL_FAST_MATH = YES;
				SDKROOT = iphoneos;
				SWIFT_COMPILATION_MODE = wholemodule;
				SWIFT_OPTIMIZATION_LEVEL = "-O";
				VALIDATE_PRODUCT = YES;
			};
			name = Release;
		};
		09E9B8F6258C5B0B00736911 /* Debug */ = {
			isa = XCBuildConfiguration;
			buildSettings = {
				ASSETCATALOG_COMPILER_APPICON_NAME = AppIcon;
				CODE_SIGN_ENTITLEMENTS = Pomnu/Pomnu.entitlements;
				CODE_SIGN_STYLE = Automatic;
				DEVELOPMENT_ASSET_PATHS = "\"Pomnu/Preview Content\"";
				DEVELOPMENT_TEAM = 4G27CM7JK8;
				ENABLE_PREVIEWS = YES;
				INFOPLIST_FILE = Pomnu/Info.plist;
				IPHONEOS_DEPLOYMENT_TARGET = 13.5;
				LD_RUNPATH_SEARCH_PATHS = (
					"$(inherited)",
					"@executable_path/Frameworks",
				);
				PRODUCT_BUNDLE_IDENTIFIER = com.ilya.Pomnu;
				PRODUCT_NAME = "$(TARGET_NAME)";
				SUPPORTS_MACCATALYST = YES;
				SWIFT_VERSION = 5.0;
				TARGETED_DEVICE_FAMILY = "1,2";
			};
			name = Debug;
		};
		09E9B8F7258C5B0B00736911 /* Release */ = {
			isa = XCBuildConfiguration;
			buildSettings = {
				ASSETCATALOG_COMPILER_APPICON_NAME = AppIcon;
				CODE_SIGN_ENTITLEMENTS = Pomnu/Pomnu.entitlements;
				CODE_SIGN_STYLE = Automatic;
				DEVELOPMENT_ASSET_PATHS = "\"Pomnu/Preview Content\"";
				DEVELOPMENT_TEAM = 4G27CM7JK8;
				ENABLE_PREVIEWS = YES;
				INFOPLIST_FILE = Pomnu/Info.plist;
				IPHONEOS_DEPLOYMENT_TARGET = 13.5;
				LD_RUNPATH_SEARCH_PATHS = (
					"$(inherited)",
					"@executable_path/Frameworks",
				);
				PRODUCT_BUNDLE_IDENTIFIER = com.ilya.Pomnu;
				PRODUCT_NAME = "$(TARGET_NAME)";
				SUPPORTS_MACCATALYST = YES;
				SWIFT_VERSION = 5.0;
				TARGETED_DEVICE_FAMILY = "1,2";
			};
			name = Release;
		};
		09E9B8F9258C5B0B00736911 /* Debug */ = {
			isa = XCBuildConfiguration;
			buildSettings = {
				ALWAYS_EMBED_SWIFT_STANDARD_LIBRARIES = YES;
				BUNDLE_LOADER = "$(TEST_HOST)";
				CODE_SIGN_STYLE = Automatic;
				DEVELOPMENT_TEAM = 4G27CM7JK8;
				INFOPLIST_FILE = PomnuTests/Info.plist;
				IPHONEOS_DEPLOYMENT_TARGET = 13.7;
				LD_RUNPATH_SEARCH_PATHS = (
					"$(inherited)",
					"@executable_path/Frameworks",
					"@loader_path/Frameworks",
				);
				PRODUCT_BUNDLE_IDENTIFIER = com.ilya.PomnuTests;
				PRODUCT_NAME = "$(TARGET_NAME)";
				SWIFT_VERSION = 5.0;
				TARGETED_DEVICE_FAMILY = "1,2";
				TEST_HOST = "$(BUILT_PRODUCTS_DIR)/Pomnu.app/Pomnu";
			};
			name = Debug;
		};
		09E9B8FA258C5B0B00736911 /* Release */ = {
			isa = XCBuildConfiguration;
			buildSettings = {
				ALWAYS_EMBED_SWIFT_STANDARD_LIBRARIES = YES;
				BUNDLE_LOADER = "$(TEST_HOST)";
				CODE_SIGN_STYLE = Automatic;
				DEVELOPMENT_TEAM = 4G27CM7JK8;
				INFOPLIST_FILE = PomnuTests/Info.plist;
				IPHONEOS_DEPLOYMENT_TARGET = 13.7;
				LD_RUNPATH_SEARCH_PATHS = (
					"$(inherited)",
					"@executable_path/Frameworks",
					"@loader_path/Frameworks",
				);
				PRODUCT_BUNDLE_IDENTIFIER = com.ilya.PomnuTests;
				PRODUCT_NAME = "$(TARGET_NAME)";
				SWIFT_VERSION = 5.0;
				TARGETED_DEVICE_FAMILY = "1,2";
				TEST_HOST = "$(BUILT_PRODUCTS_DIR)/Pomnu.app/Pomnu";
			};
			name = Release;
		};
		09E9B8FC258C5B0B00736911 /* Debug */ = {
			isa = XCBuildConfiguration;
			buildSettings = {
				ALWAYS_EMBED_SWIFT_STANDARD_LIBRARIES = YES;
				CODE_SIGN_STYLE = Automatic;
				DEVELOPMENT_TEAM = 4G27CM7JK8;
				INFOPLIST_FILE = PomnuUITests/Info.plist;
				LD_RUNPATH_SEARCH_PATHS = (
					"$(inherited)",
					"@executable_path/Frameworks",
					"@loader_path/Frameworks",
				);
				PRODUCT_BUNDLE_IDENTIFIER = com.ilya.PomnuUITests;
				PRODUCT_NAME = "$(TARGET_NAME)";
				SWIFT_VERSION = 5.0;
				TARGETED_DEVICE_FAMILY = "1,2";
				TEST_TARGET_NAME = Pomnu;
			};
			name = Debug;
		};
		09E9B8FD258C5B0B00736911 /* Release */ = {
			isa = XCBuildConfiguration;
			buildSettings = {
				ALWAYS_EMBED_SWIFT_STANDARD_LIBRARIES = YES;
				CODE_SIGN_STYLE = Automatic;
				DEVELOPMENT_TEAM = 4G27CM7JK8;
				INFOPLIST_FILE = PomnuUITests/Info.plist;
				LD_RUNPATH_SEARCH_PATHS = (
					"$(inherited)",
					"@executable_path/Frameworks",
					"@loader_path/Frameworks",
				);
				PRODUCT_BUNDLE_IDENTIFIER = com.ilya.PomnuUITests;
				PRODUCT_NAME = "$(TARGET_NAME)";
				SWIFT_VERSION = 5.0;
				TARGETED_DEVICE_FAMILY = "1,2";
				TEST_TARGET_NAME = Pomnu;
			};
			name = Release;
		};
/* End XCBuildConfiguration section */

/* Begin XCConfigurationList section */
		09E9B8C6258C5B0800736911 /* Build configuration list for PBXProject "Pomnu" */ = {
			isa = XCConfigurationList;
			buildConfigurations = (
				09E9B8F3258C5B0B00736911 /* Debug */,
				09E9B8F4258C5B0B00736911 /* Release */,
			);
			defaultConfigurationIsVisible = 0;
			defaultConfigurationName = Release;
		};
		09E9B8F5258C5B0B00736911 /* Build configuration list for PBXNativeTarget "Pomnu" */ = {
			isa = XCConfigurationList;
			buildConfigurations = (
				09E9B8F6258C5B0B00736911 /* Debug */,
				09E9B8F7258C5B0B00736911 /* Release */,
			);
			defaultConfigurationIsVisible = 0;
			defaultConfigurationName = Release;
		};
		09E9B8F8258C5B0B00736911 /* Build configuration list for PBXNativeTarget "PomnuTests" */ = {
			isa = XCConfigurationList;
			buildConfigurations = (
				09E9B8F9258C5B0B00736911 /* Debug */,
				09E9B8FA258C5B0B00736911 /* Release */,
			);
			defaultConfigurationIsVisible = 0;
			defaultConfigurationName = Release;
		};
		09E9B8FB258C5B0B00736911 /* Build configuration list for PBXNativeTarget "PomnuUITests" */ = {
			isa = XCConfigurationList;
			buildConfigurations = (
				09E9B8FC258C5B0B00736911 /* Debug */,
				09E9B8FD258C5B0B00736911 /* Release */,
			);
			defaultConfigurationIsVisible = 0;
			defaultConfigurationName = Release;
		};
/* End XCConfigurationList section */
	};
	rootObject = 09E9B8C3258C5B0800736911 /* Project object */;
}
